{
  "nodes": {
    "emacs-overlay": {
      "inputs": {
        "flake-utils": "flake-utils",
        "nixpkgs": [
          "nixpkgs"
        ],
        "nixpkgs-stable": "nixpkgs-stable"
      },
      "locked": {
        "lastModified": 1706634414,
        "narHash": "sha256-lBGkZxNZAZKb08hJkTloq52/lGIg6MiqAFNF6g+YGXg=",
        "owner": "nix-community",
        "repo": "emacs-overlay",
        "rev": "eb3071f959d2c4bd6eccd2176d43f33ccfbfb3b1",
        "type": "github"
      },
      "original": {
        "owner": "nix-community",
        "repo": "emacs-overlay",
        "type": "github"
      }
    },
    "flake-compat": {
      "flake": false,
      "locked": {
        "lastModified": 1673956053,
        "narHash": "sha256-4gtG9iQuiKITOjNQQeQIpoIB6b16fm+504Ch3sNKLd8=",
        "owner": "edolstra",
        "repo": "flake-compat",
        "rev": "35bb57c0c8d8b62bbfd284272c928ceb64ddbde9",
        "type": "github"
      },
      "original": {
        "owner": "edolstra",
        "repo": "flake-compat",
        "type": "github"
      }
    },
    "flake-utils": {
      "inputs": {
        "systems": "systems"
      },
      "locked": {
        "lastModified": 1705309234,
        "narHash": "sha256-uNRRNRKmJyCRC/8y1RqBkqWBLM034y4qN7EprSdmgyA=",
        "owner": "numtide",
        "repo": "flake-utils",
        "rev": "1ef2e671c3b0c19053962c07dbda38332dcebf26",
        "type": "github"
      },
      "original": {
        "owner": "numtide",
        "repo": "flake-utils",
        "type": "github"
      }
    },
    "home-manager": {
      "inputs": {
        "nixpkgs": [
          "nixpkgs"
        ]
      },
      "locked": {
        "lastModified": 1706473109,
        "narHash": "sha256-iyuAvpKTsq2u23Cr07RcV5XlfKExrG8gRpF75hf1uVc=",
        "owner": "nix-community",
        "repo": "home-manager",
        "rev": "d634c3abafa454551f2083b054cd95c3f287be61",
        "type": "github"
      },
      "original": {
        "owner": "nix-community",
        "ref": "master",
        "repo": "home-manager",
        "type": "github"
      }
    },
    "nixos-hardware": {
      "locked": {
        "lastModified": 1706182238,
        "narHash": "sha256-Ti7CerGydU7xyrP/ow85lHsOpf+XMx98kQnPoQCSi1g=",
        "owner": "NixOS",
        "repo": "nixos-hardware",
        "rev": "f84eaffc35d1a655e84749228cde19922fcf55f1",
        "type": "github"
      },
      "original": {
        "owner": "NixOS",
        "ref": "master",
        "repo": "nixos-hardware",
        "type": "github"
      }
    },
    "nixpkgs": {
      "locked": {
        "lastModified": 1706371002,
        "narHash": "sha256-dwuorKimqSYgyu8Cw6ncKhyQjUDOyuXoxDTVmAXq88s=",
        "owner": "nixos",
        "repo": "nixpkgs",
        "rev": "c002c6aa977ad22c60398daaa9be52f2203d0006",
        "type": "github"
      },
      "original": {
        "owner": "nixos",
        "ref": "nixos-unstable",
        "repo": "nixpkgs",
        "type": "github"
      }
    },
    "nixpkgs-stable": {
      "locked": {
        "lastModified": 1706373441,
        "narHash": "sha256-S1hbgNbVYhuY2L05OANWqmRzj4cElcbLuIkXTb69xkk=",
        "owner": "NixOS",
        "repo": "nixpkgs",
        "rev": "56911ef3403a9318b7621ce745f5452fb9ef6867",
        "type": "github"
      },
      "original": {
        "owner": "NixOS",
        "ref": "nixos-23.11",
        "repo": "nixpkgs",
        "type": "github"
      }
    },
    "nixpkgs_2": {
      "locked": {
        "lastModified": 1679318992,
        "narHash": "sha256-uoj5Oy6hruIHuxzfQZtcalObe5kPrX9v+ClUMFEOzmE=",
        "owner": "NixOS",
        "repo": "nixpkgs",
        "rev": "e2c97799da5f5cd87adfa5017fba971771e123ef",
        "type": "github"
      },
      "original": {
        "owner": "NixOS",
        "ref": "nixos-22.11",
        "repo": "nixpkgs",
        "type": "github"
      }
    },
    "nur": {
      "locked": {
        "lastModified": 1706634602,
        "narHash": "sha256-tl5wLIccwQaUYASKFv3bLcsRfnp2U6UnsAg/6G70VBM=",
        "owner": "nix-community",
        "repo": "NUR",
        "rev": "7d66edbb4817023b9bef059d3aeefcd0585c777c",
        "type": "github"
      },
      "original": {
        "owner": "nix-community",
        "repo": "NUR",
        "type": "github"
      }
    },
    "root": {
      "inputs": {
        "emacs-overlay": "emacs-overlay",
        "home-manager": "home-manager",
        "nixos-hardware": "nixos-hardware",
        "nixpkgs": "nixpkgs",
        "nur": "nur",
        "tuxedo-nixos": "tuxedo-nixos"
      }
    },
    "systems": {
      "locked": {
        "lastModified": 1681028828,
        "narHash": "sha256-Vy1rq5AaRuLzOxct8nz4T6wlgyUR7zLU309k9mBC768=",
        "owner": "nix-systems",
        "repo": "default",
        "rev": "da67096a3b9bf56a91d16901293e51ba5b49a27e",
        "type": "github"
      },
      "original": {
        "owner": "nix-systems",
        "repo": "default",
        "type": "github"
      }
    },
    "tuxedo-nixos": {
      "inputs": {
        "flake-compat": "flake-compat",
        "nixpkgs": "nixpkgs_2"
      },
      "locked": {
        "lastModified": 1698750271,
        "narHash": "sha256-Bb8PUO9lOVjLWmzSHQ/ymG/+pyRy4PdQ3xt9urAPtpU=",
        "owner": "blitz",
        "repo": "tuxedo-nixos",
        "rev": "fda17eb3acef01c7ad1536749ceb107b9ef7bd2d",
        "type": "github"
      },
      "original": {
        "owner": "blitz",
        "repo": "tuxedo-nixos",
        "type": "github"
      }
    }
  },
  "root": "root",
  "version": 7
}
